
Microsoft Visual Studio Solution File, Format Version 12.00
# Visual Studio Version 17
VisualStudioVersion = 17.7.34221.43
MinimumVisualStudioVersion = 10.0.40219.1
Project("{FAE04EC0-301F-11D3-BF4B-00C04F79EFBC}") = "лаба_Никрашевич_ПМИ-21БО_3_вариант", "лаба_Никрашевич_ПМИ-21БО_3_вариант.csproj", "{E88DC2A5-821B-423F-94BB-2B930E4C46D2}"
EndProject
Global
	GlobalSection(SolutionConfigurationPlatforms) = preSolution
		Debug|Any CPU = Debug|Any CPU
		Release|Any CPU = Release|Any CPU
	EndGlobalSection
	GlobalSection(ProjectConfigurationPlatforms) = postSolution
		{E88DC2A5-821B-423F-94BB-2B930E4C46D2}.Debug|Any CPU.ActiveCfg = Debug|Any CPU
		{E88DC2A5-821B-423F-94BB-2B930E4C46D2}.Debug|Any CPU.Build.0 = Debug|Any CPU
		{E88DC2A5-821B-423F-94BB-2B930E4C46D2}.Release|Any CPU.ActiveCfg = Release|Any CPU
		{E88DC2A5-821B-423F-94BB-2B930E4C46D2}.Release|Any CPU.Build.0 = Release|Any CPU
	EndGlobalSection
	GlobalSection(SolutionProperties) = preSolution
		HideSolutionNode = FALSE
	EndGlobalSection
	GlobalSection(ExtensibilityGlobals) = postSolution
		SolutionGuid = {785ECDD5-53B0-4D43-8988-9C9D5117087F}
	EndGlobalSection
EndGlobal
